
Microsoft Visual Studio Solution File, Format Version 12.00
# Visual Studio Version 17
VisualStudioVersion = 17.12.35527.113
MinimumVisualStudioVersion = 10.0.40219.1
Project("{FAE04EC0-301F-11D3-BF4B-00C04F79EFBC}") = "TestBucket", "TestBucket\TestBucket.csproj", "{3C1A244A-973C-4A85-A87C-1CE8B83B8213}"
EndProject
Project("{FAE04EC0-301F-11D3-BF4B-00C04F79EFBC}") = "TestBucket.AppHost", "TestBucket.AppHost\TestBucket.AppHost.csproj", "{4D3DED5F-87A1-48CA-98A2-8EF20EE5F996}"
EndProject
Project("{FAE04EC0-301F-11D3-BF4B-00C04F79EFBC}") = "TestBucket.ServiceDefaults", "TestBucket.ServiceDefaults\TestBucket.ServiceDefaults.csproj", "{D67777D7-6951-455F-A347-445B7C9ADD55}"
EndProject
Project("{FAE04EC0-301F-11D3-BF4B-00C04F79EFBC}") = "TestBucket.Data", "TestBucket.Data\TestBucket.Data.csproj", "{F76691C8-395B-4F8E-825B-BF34E98C7BA7}"
EndProject
Project("{FAE04EC0-301F-11D3-BF4B-00C04F79EFBC}") = "TestBucket.Contracts", "Package\Core\TestBucket.Contracts\TestBucket.Contracts.csproj", "{AE6C58C4-C7E3-4345-AF91-F88E0C919507}"
EndProject
Project("{FAE04EC0-301F-11D3-BF4B-00C04F79EFBC}") = "TestBucket.Domain", "TestBucket.Domain\TestBucket.Domain.csproj", "{C2FF2882-FAE3-4499-B269-7511DA75CBAF}"
EndProject
Project("{FAE04EC0-301F-11D3-BF4B-00C04F79EFBC}") = "TestBucket.Formats", "Package\Reporting\TestBucket.Formats\TestBucket.Formats.csproj", "{75EC97B9-3485-4334-8D48-AFB4BB3C270C}"
EndProject
Project("{2150E333-8FDC-42A3-9474-1A3956D46DE8}") = "Tests", "Tests", "{C173DE7F-3373-4306-A1AE-1BD799D2F4BE}"
EndProject
Project("{2150E333-8FDC-42A3-9474-1A3956D46DE8}") = "Domain", "Domain", "{D0873EDB-098F-43B4-8FD6-5D5A07A48090}"
EndProject
Project("{2150E333-8FDC-42A3-9474-1A3956D46DE8}") = "Aspire", "Aspire", "{50110742-1096-4E94-9786-6EB93D692FA8}"
EndProject
Project("{2150E333-8FDC-42A3-9474-1A3956D46DE8}") = "Data", "Data", "{589D8851-6680-495B-BBFD-16752B96A2F1}"
EndProject
Project("{FAE04EC0-301F-11D3-BF4B-00C04F79EFBC}") = "TestBucket.Formats.UnitTests", "..\tests\TestBucket.Formats.UnitTests\TestBucket.Formats.UnitTests.csproj", "{477FEA49-011C-4EAD-82D6-8A8C5797E1B7}"
EndProject
Project("{2150E333-8FDC-42A3-9474-1A3956D46DE8}") = "Traits", "Traits", "{23D65EC5-905A-406F-94B0-808DA0E67E2A}"
EndProject
Project("{FAE04EC0-301F-11D3-BF4B-00C04F79EFBC}") = "TestBucket.Traits.Core", "Package\Traits\TestBucket.Traits.Core\TestBucket.Traits.Core.csproj", "{56E22580-0795-4AD0-87E4-28F68DF1EA4E}"
EndProject
Project("{FAE04EC0-301F-11D3-BF4B-00C04F79EFBC}") = "TestBucket.Traits.Xunit", "Package\Traits\TestBucket.Traits.XUnit\TestBucket.Traits.Xunit.csproj", "{A305FB1F-7FE8-4048-9F79-859316746F8F}"
EndProject
Project("{FAE04EC0-301F-11D3-BF4B-00C04F79EFBC}") = "TestBucket.Domain.UnitTests", "..\tests\TestBucket.Domain.UnitTests\TestBucket.Domain.UnitTests.csproj", "{CA3890BC-7509-4391-AFAF-D871DCC589CF}"
EndProject
Project("{FAE04EC0-301F-11D3-BF4B-00C04F79EFBC}") = "TestBucket.AspireTests.TestProject", "..\tests\TestBucket.AspireTests\TestBucket.AspireTests.TestProject.csproj", "{2F0CCA79-A5CD-484C-B68C-0E399BE43FDE}"
EndProject
Project("{FAE04EC0-301F-11D3-BF4B-00C04F79EFBC}") = "TestBucket.Traits.TUnit", "Package\Traits\TestBucket.Traits.TUnit\TestBucket.Traits.TUnit.csproj", "{77427EA8-BF7D-6708-8FF0-185A428329F0}"
EndProject
Project("{2150E333-8FDC-42A3-9474-1A3956D46DE8}") = "Tests", "Tests", "{02EA681E-C7D8-13C7-8484-4AC65E1B71E8}"
EndProject
Project("{2150E333-8FDC-42A3-9474-1A3956D46DE8}") = "Android", "Android", "{4F69E7E1-31EE-42A6-AA55-4570DB417F92}"
EndProject
Project("{FAE04EC0-301F-11D3-BF4B-00C04F79EFBC}") = "TestBucket.Servers.AdbProxy", "android\TestBucket.Servers.AdbProxy\TestBucket.Servers.AdbProxy.csproj", "{9ED19C97-9E39-4942-979F-7371F5FC3081}"
EndProject
Project("{FAE04EC0-301F-11D3-BF4B-00C04F79EFBC}") = "TestBucket.AdbProxy", "android\TestBucket.AdbProxy\TestBucket.AdbProxy.csproj", "{CEDC0CA4-DB84-46E6-B1F1-228ADE088ABF}"
EndProject
Project("{2150E333-8FDC-42A3-9474-1A3956D46DE8}") = "Integrations", "Integrations", "{F6F1BD5A-FFAC-40D0-9497-D30F9FE19B47}"
EndProject
Project("{FAE04EC0-301F-11D3-BF4B-00C04F79EFBC}") = "TestBucket.Gitlab", "integrations\TestBucket.Gitlab\TestBucket.Gitlab.csproj", "{49E37794-0031-4932-91CE-86AE1F32B6FD}"
EndProject
Project("{FAE04EC0-301F-11D3-BF4B-00C04F79EFBC}") = "TestBucket.ApiTests", "integrations\TestBucket.ApiTests\TestBucket.ApiTests.csproj", "{DC78BC2E-0517-4AD0-979D-4C8339CE26E0}"
EndProject
Project("{2150E333-8FDC-42A3-9474-1A3956D46DE8}") = "Runner", "Runner", "{005C567C-D149-4B5D-AB90-E955EDF2A4D0}"
EndProject
Project("{2150E333-8FDC-42A3-9474-1A3956D46DE8}") = "ResourceServers", "ResourceServers", "{58D182B5-156D-427E-A682-5661B1D67094}"
EndProject
Project("{2150E333-8FDC-42A3-9474-1A3956D46DE8}") = "Server", "Server", "{E214D4E5-F9C0-49F6-82C9-01CCF355A97E}"
EndProject
Project("{FAE04EC0-301F-11D3-BF4B-00C04F79EFBC}") = "TestBucket.Runner", "runner\TestBucket.Runner\TestBucket.Runner.csproj", "{D4D56CEB-7513-FBB2-9438-E3684892776F}"
EndProject
Project("{2150E333-8FDC-42A3-9474-1A3956D46DE8}") = "Package", "Package", "{5D9FF94E-3EE4-40B9-9C70-E68A2C65E6F4}"
EndProject
Project("{2150E333-8FDC-42A3-9474-1A3956D46DE8}") = "Reporting", "Reporting", "{C46B4D66-0F48-4D2A-A197-455D4A4A4DD8}"
EndProject
Project("{2150E333-8FDC-42A3-9474-1A3956D46DE8}") = "Core", "Core", "{FE85F1D8-3AEC-48E5-8FFA-E2BC1389EDE2}"
EndProject
Project("{FAE04EC0-301F-11D3-BF4B-00C04F79EFBC}") = "TestBucket.Github", "integrations\TestBucket.Github\TestBucket.Github.csproj", "{8905E893-85F4-4141-B96F-9FB345CF9244}"
EndProject
Project("{FAE04EC0-301F-11D3-BF4B-00C04F79EFBC}") = "TestBucket.Trello", "integrations\TestBucket.Trello\TestBucket.Trello.csproj", "{875E968B-A6B9-27D1-900A-F9F189B09225}"
EndProject
Project("{FAE04EC0-301F-11D3-BF4B-00C04F79EFBC}") = "TestBucket.Azure", "integrations\TestBucket.Azure\TestBucket.Azure.csproj", "{82FBFB8B-54B1-416D-8890-AD3603777061}"
EndProject
Project("{FAE04EC0-301F-11D3-BF4B-00C04F79EFBC}") = "TestBucket.MudBlazorExtensions.Markdown", "Package\Blazor\TestBucket.MudBlazorExtensions.Markdown\TestBucket.MudBlazorExtensions.Markdown.csproj", "{F90B8E42-65F1-EDE0-28CF-01B84A490291}"
EndProject
Project("{2150E333-8FDC-42A3-9474-1A3956D46DE8}") = "Blazor", "Blazor", "{685C80D1-64F7-4419-B9F0-588F6C5DB3F3}"
EndProject
Project("{FAE04EC0-301F-11D3-BF4B-00C04F79EFBC}") = "TestBucket.MudBlazorExtensions.Markdown.DemoApp", "Package\Blazor\TestBucket.MudBlazorExtensions.Markdown.DemoApp\TestBucket.MudBlazorExtensions.Markdown.DemoApp.csproj", "{CEC95C8E-FCCE-41B6-8A02-3B082798780A}"
EndProject
Global
	GlobalSection(SolutionConfigurationPlatforms) = preSolution
		Debug|Any CPU = Debug|Any CPU
		Release|Any CPU = Release|Any CPU
	EndGlobalSection
	GlobalSection(ProjectConfigurationPlatforms) = postSolution
		{3C1A244A-973C-4A85-A87C-1CE8B83B8213}.Debug|Any CPU.ActiveCfg = Debug|Any CPU
		{3C1A244A-973C-4A85-A87C-1CE8B83B8213}.Debug|Any CPU.Build.0 = Debug|Any CPU
		{3C1A244A-973C-4A85-A87C-1CE8B83B8213}.Release|Any CPU.ActiveCfg = Release|Any CPU
		{3C1A244A-973C-4A85-A87C-1CE8B83B8213}.Release|Any CPU.Build.0 = Release|Any CPU
		{4D3DED5F-87A1-48CA-98A2-8EF20EE5F996}.Debug|Any CPU.ActiveCfg = Debug|Any CPU
		{4D3DED5F-87A1-48CA-98A2-8EF20EE5F996}.Debug|Any CPU.Build.0 = Debug|Any CPU
		{4D3DED5F-87A1-48CA-98A2-8EF20EE5F996}.Release|Any CPU.ActiveCfg = Release|Any CPU
		{4D3DED5F-87A1-48CA-98A2-8EF20EE5F996}.Release|Any CPU.Build.0 = Release|Any CPU
		{D67777D7-6951-455F-A347-445B7C9ADD55}.Debug|Any CPU.ActiveCfg = Debug|Any CPU
		{D67777D7-6951-455F-A347-445B7C9ADD55}.Debug|Any CPU.Build.0 = Debug|Any CPU
		{D67777D7-6951-455F-A347-445B7C9ADD55}.Release|Any CPU.ActiveCfg = Release|Any CPU
		{D67777D7-6951-455F-A347-445B7C9ADD55}.Release|Any CPU.Build.0 = Release|Any CPU
		{F76691C8-395B-4F8E-825B-BF34E98C7BA7}.Debug|Any CPU.ActiveCfg = Debug|Any CPU
		{F76691C8-395B-4F8E-825B-BF34E98C7BA7}.Debug|Any CPU.Build.0 = Debug|Any CPU
		{F76691C8-395B-4F8E-825B-BF34E98C7BA7}.Release|Any CPU.ActiveCfg = Release|Any CPU
		{F76691C8-395B-4F8E-825B-BF34E98C7BA7}.Release|Any CPU.Build.0 = Release|Any CPU
		{AE6C58C4-C7E3-4345-AF91-F88E0C919507}.Debug|Any CPU.ActiveCfg = Debug|Any CPU
		{AE6C58C4-C7E3-4345-AF91-F88E0C919507}.Debug|Any CPU.Build.0 = Debug|Any CPU
		{AE6C58C4-C7E3-4345-AF91-F88E0C919507}.Release|Any CPU.ActiveCfg = Release|Any CPU
		{AE6C58C4-C7E3-4345-AF91-F88E0C919507}.Release|Any CPU.Build.0 = Release|Any CPU
		{C2FF2882-FAE3-4499-B269-7511DA75CBAF}.Debug|Any CPU.ActiveCfg = Debug|Any CPU
		{C2FF2882-FAE3-4499-B269-7511DA75CBAF}.Debug|Any CPU.Build.0 = Debug|Any CPU
		{C2FF2882-FAE3-4499-B269-7511DA75CBAF}.Release|Any CPU.ActiveCfg = Release|Any CPU
		{C2FF2882-FAE3-4499-B269-7511DA75CBAF}.Release|Any CPU.Build.0 = Release|Any CPU
		{75EC97B9-3485-4334-8D48-AFB4BB3C270C}.Debug|Any CPU.ActiveCfg = Debug|Any CPU
		{75EC97B9-3485-4334-8D48-AFB4BB3C270C}.Debug|Any CPU.Build.0 = Debug|Any CPU
		{75EC97B9-3485-4334-8D48-AFB4BB3C270C}.Release|Any CPU.ActiveCfg = Release|Any CPU
		{75EC97B9-3485-4334-8D48-AFB4BB3C270C}.Release|Any CPU.Build.0 = Release|Any CPU
		{477FEA49-011C-4EAD-82D6-8A8C5797E1B7}.Debug|Any CPU.ActiveCfg = Debug|Any CPU
		{477FEA49-011C-4EAD-82D6-8A8C5797E1B7}.Debug|Any CPU.Build.0 = Debug|Any CPU
		{477FEA49-011C-4EAD-82D6-8A8C5797E1B7}.Release|Any CPU.ActiveCfg = Release|Any CPU
		{477FEA49-011C-4EAD-82D6-8A8C5797E1B7}.Release|Any CPU.Build.0 = Release|Any CPU
		{56E22580-0795-4AD0-87E4-28F68DF1EA4E}.Debug|Any CPU.ActiveCfg = Debug|Any CPU
		{56E22580-0795-4AD0-87E4-28F68DF1EA4E}.Debug|Any CPU.Build.0 = Debug|Any CPU
		{56E22580-0795-4AD0-87E4-28F68DF1EA4E}.Release|Any CPU.ActiveCfg = Release|Any CPU
		{56E22580-0795-4AD0-87E4-28F68DF1EA4E}.Release|Any CPU.Build.0 = Release|Any CPU
		{A305FB1F-7FE8-4048-9F79-859316746F8F}.Debug|Any CPU.ActiveCfg = Debug|Any CPU
		{A305FB1F-7FE8-4048-9F79-859316746F8F}.Debug|Any CPU.Build.0 = Debug|Any CPU
		{A305FB1F-7FE8-4048-9F79-859316746F8F}.Release|Any CPU.ActiveCfg = Release|Any CPU
		{A305FB1F-7FE8-4048-9F79-859316746F8F}.Release|Any CPU.Build.0 = Release|Any CPU
		{CA3890BC-7509-4391-AFAF-D871DCC589CF}.Debug|Any CPU.ActiveCfg = Debug|Any CPU
		{CA3890BC-7509-4391-AFAF-D871DCC589CF}.Debug|Any CPU.Build.0 = Debug|Any CPU
		{CA3890BC-7509-4391-AFAF-D871DCC589CF}.Release|Any CPU.ActiveCfg = Release|Any CPU
		{CA3890BC-7509-4391-AFAF-D871DCC589CF}.Release|Any CPU.Build.0 = Release|Any CPU
		{2F0CCA79-A5CD-484C-B68C-0E399BE43FDE}.Debug|Any CPU.ActiveCfg = Debug|Any CPU
		{2F0CCA79-A5CD-484C-B68C-0E399BE43FDE}.Debug|Any CPU.Build.0 = Debug|Any CPU
		{2F0CCA79-A5CD-484C-B68C-0E399BE43FDE}.Release|Any CPU.ActiveCfg = Release|Any CPU
		{2F0CCA79-A5CD-484C-B68C-0E399BE43FDE}.Release|Any CPU.Build.0 = Release|Any CPU
		{77427EA8-BF7D-6708-8FF0-185A428329F0}.Debug|Any CPU.ActiveCfg = Debug|Any CPU
		{77427EA8-BF7D-6708-8FF0-185A428329F0}.Debug|Any CPU.Build.0 = Debug|Any CPU
		{77427EA8-BF7D-6708-8FF0-185A428329F0}.Release|Any CPU.ActiveCfg = Release|Any CPU
		{77427EA8-BF7D-6708-8FF0-185A428329F0}.Release|Any CPU.Build.0 = Release|Any CPU
		{9ED19C97-9E39-4942-979F-7371F5FC3081}.Debug|Any CPU.ActiveCfg = Debug|Any CPU
		{9ED19C97-9E39-4942-979F-7371F5FC3081}.Debug|Any CPU.Build.0 = Debug|Any CPU
		{9ED19C97-9E39-4942-979F-7371F5FC3081}.Release|Any CPU.ActiveCfg = Release|Any CPU
		{9ED19C97-9E39-4942-979F-7371F5FC3081}.Release|Any CPU.Build.0 = Release|Any CPU
		{CEDC0CA4-DB84-46E6-B1F1-228ADE088ABF}.Debug|Any CPU.ActiveCfg = Debug|Any CPU
		{CEDC0CA4-DB84-46E6-B1F1-228ADE088ABF}.Debug|Any CPU.Build.0 = Debug|Any CPU
		{CEDC0CA4-DB84-46E6-B1F1-228ADE088ABF}.Release|Any CPU.ActiveCfg = Release|Any CPU
		{CEDC0CA4-DB84-46E6-B1F1-228ADE088ABF}.Release|Any CPU.Build.0 = Release|Any CPU
		{49E37794-0031-4932-91CE-86AE1F32B6FD}.Debug|Any CPU.ActiveCfg = Debug|Any CPU
		{49E37794-0031-4932-91CE-86AE1F32B6FD}.Debug|Any CPU.Build.0 = Debug|Any CPU
		{49E37794-0031-4932-91CE-86AE1F32B6FD}.Release|Any CPU.ActiveCfg = Release|Any CPU
		{49E37794-0031-4932-91CE-86AE1F32B6FD}.Release|Any CPU.Build.0 = Release|Any CPU
		{DC78BC2E-0517-4AD0-979D-4C8339CE26E0}.Debug|Any CPU.ActiveCfg = Debug|Any CPU
		{DC78BC2E-0517-4AD0-979D-4C8339CE26E0}.Debug|Any CPU.Build.0 = Debug|Any CPU
		{DC78BC2E-0517-4AD0-979D-4C8339CE26E0}.Release|Any CPU.ActiveCfg = Release|Any CPU
		{DC78BC2E-0517-4AD0-979D-4C8339CE26E0}.Release|Any CPU.Build.0 = Release|Any CPU
		{D4D56CEB-7513-FBB2-9438-E3684892776F}.Debug|Any CPU.ActiveCfg = Debug|Any CPU
		{D4D56CEB-7513-FBB2-9438-E3684892776F}.Debug|Any CPU.Build.0 = Debug|Any CPU
		{D4D56CEB-7513-FBB2-9438-E3684892776F}.Release|Any CPU.ActiveCfg = Release|Any CPU
		{D4D56CEB-7513-FBB2-9438-E3684892776F}.Release|Any CPU.Build.0 = Release|Any CPU
		{8905E893-85F4-4141-B96F-9FB345CF9244}.Debug|Any CPU.ActiveCfg = Debug|Any CPU
		{8905E893-85F4-4141-B96F-9FB345CF9244}.Debug|Any CPU.Build.0 = Debug|Any CPU
		{8905E893-85F4-4141-B96F-9FB345CF9244}.Release|Any CPU.ActiveCfg = Release|Any CPU
		{8905E893-85F4-4141-B96F-9FB345CF9244}.Release|Any CPU.Build.0 = Release|Any CPU
		{875E968B-A6B9-27D1-900A-F9F189B09225}.Debug|Any CPU.ActiveCfg = Debug|Any CPU
		{875E968B-A6B9-27D1-900A-F9F189B09225}.Debug|Any CPU.Build.0 = Debug|Any CPU
		{875E968B-A6B9-27D1-900A-F9F189B09225}.Release|Any CPU.ActiveCfg = Release|Any CPU
		{875E968B-A6B9-27D1-900A-F9F189B09225}.Release|Any CPU.Build.0 = Release|Any CPU
		{82FBFB8B-54B1-416D-8890-AD3603777061}.Debug|Any CPU.ActiveCfg = Debug|Any CPU
		{82FBFB8B-54B1-416D-8890-AD3603777061}.Debug|Any CPU.Build.0 = Debug|Any CPU
		{82FBFB8B-54B1-416D-8890-AD3603777061}.Release|Any CPU.ActiveCfg = Release|Any CPU
		{82FBFB8B-54B1-416D-8890-AD3603777061}.Release|Any CPU.Build.0 = Release|Any CPU
		{F90B8E42-65F1-EDE0-28CF-01B84A490291}.Debug|Any CPU.ActiveCfg = Debug|Any CPU
		{F90B8E42-65F1-EDE0-28CF-01B84A490291}.Debug|Any CPU.Build.0 = Debug|Any CPU
		{F90B8E42-65F1-EDE0-28CF-01B84A490291}.Release|Any CPU.ActiveCfg = Release|Any CPU
		{F90B8E42-65F1-EDE0-28CF-01B84A490291}.Release|Any CPU.Build.0 = Release|Any CPU
		{CEC95C8E-FCCE-41B6-8A02-3B082798780A}.Debug|Any CPU.ActiveCfg = Debug|Any CPU
		{CEC95C8E-FCCE-41B6-8A02-3B082798780A}.Debug|Any CPU.Build.0 = Debug|Any CPU
		{CEC95C8E-FCCE-41B6-8A02-3B082798780A}.Release|Any CPU.ActiveCfg = Release|Any CPU
		{CEC95C8E-FCCE-41B6-8A02-3B082798780A}.Release|Any CPU.Build.0 = Release|Any CPU
	EndGlobalSection
	GlobalSection(SolutionProperties) = preSolution
		HideSolutionNode = FALSE
	EndGlobalSection
	GlobalSection(NestedProjects) = preSolution
		{3C1A244A-973C-4A85-A87C-1CE8B83B8213} = {E214D4E5-F9C0-49F6-82C9-01CCF355A97E}
		{4D3DED5F-87A1-48CA-98A2-8EF20EE5F996} = {50110742-1096-4E94-9786-6EB93D692FA8}
		{D67777D7-6951-455F-A347-445B7C9ADD55} = {50110742-1096-4E94-9786-6EB93D692FA8}
		{F76691C8-395B-4F8E-825B-BF34E98C7BA7} = {589D8851-6680-495B-BBFD-16752B96A2F1}
		{AE6C58C4-C7E3-4345-AF91-F88E0C919507} = {FE85F1D8-3AEC-48E5-8FFA-E2BC1389EDE2}
		{C2FF2882-FAE3-4499-B269-7511DA75CBAF} = {D0873EDB-098F-43B4-8FD6-5D5A07A48090}
		{75EC97B9-3485-4334-8D48-AFB4BB3C270C} = {C46B4D66-0F48-4D2A-A197-455D4A4A4DD8}
		{C173DE7F-3373-4306-A1AE-1BD799D2F4BE} = {D0873EDB-098F-43B4-8FD6-5D5A07A48090}
		{D0873EDB-098F-43B4-8FD6-5D5A07A48090} = {E214D4E5-F9C0-49F6-82C9-01CCF355A97E}
		{589D8851-6680-495B-BBFD-16752B96A2F1} = {E214D4E5-F9C0-49F6-82C9-01CCF355A97E}
		{477FEA49-011C-4EAD-82D6-8A8C5797E1B7} = {C46B4D66-0F48-4D2A-A197-455D4A4A4DD8}
		{23D65EC5-905A-406F-94B0-808DA0E67E2A} = {5D9FF94E-3EE4-40B9-9C70-E68A2C65E6F4}
		{56E22580-0795-4AD0-87E4-28F68DF1EA4E} = {23D65EC5-905A-406F-94B0-808DA0E67E2A}
		{A305FB1F-7FE8-4048-9F79-859316746F8F} = {23D65EC5-905A-406F-94B0-808DA0E67E2A}
		{CA3890BC-7509-4391-AFAF-D871DCC589CF} = {C173DE7F-3373-4306-A1AE-1BD799D2F4BE}
		{2F0CCA79-A5CD-484C-B68C-0E399BE43FDE} = {02EA681E-C7D8-13C7-8484-4AC65E1B71E8}
		{77427EA8-BF7D-6708-8FF0-185A428329F0} = {23D65EC5-905A-406F-94B0-808DA0E67E2A}
		{02EA681E-C7D8-13C7-8484-4AC65E1B71E8} = {50110742-1096-4E94-9786-6EB93D692FA8}
		{4F69E7E1-31EE-42A6-AA55-4570DB417F92} = {58D182B5-156D-427E-A682-5661B1D67094}
		{9ED19C97-9E39-4942-979F-7371F5FC3081} = {4F69E7E1-31EE-42A6-AA55-4570DB417F92}
		{CEDC0CA4-DB84-46E6-B1F1-228ADE088ABF} = {4F69E7E1-31EE-42A6-AA55-4570DB417F92}
		{49E37794-0031-4932-91CE-86AE1F32B6FD} = {F6F1BD5A-FFAC-40D0-9497-D30F9FE19B47}
		{DC78BC2E-0517-4AD0-979D-4C8339CE26E0} = {F6F1BD5A-FFAC-40D0-9497-D30F9FE19B47}
		{D4D56CEB-7513-FBB2-9438-E3684892776F} = {005C567C-D149-4B5D-AB90-E955EDF2A4D0}
		{C46B4D66-0F48-4D2A-A197-455D4A4A4DD8} = {5D9FF94E-3EE4-40B9-9C70-E68A2C65E6F4}
		{FE85F1D8-3AEC-48E5-8FFA-E2BC1389EDE2} = {5D9FF94E-3EE4-40B9-9C70-E68A2C65E6F4}
		{8905E893-85F4-4141-B96F-9FB345CF9244} = {F6F1BD5A-FFAC-40D0-9497-D30F9FE19B47}
		{875E968B-A6B9-27D1-900A-F9F189B09225} = {F6F1BD5A-FFAC-40D0-9497-D30F9FE19B47}
		{82FBFB8B-54B1-416D-8890-AD3603777061} = {F6F1BD5A-FFAC-40D0-9497-D30F9FE19B47}
		{F90B8E42-65F1-EDE0-28CF-01B84A490291} = {685C80D1-64F7-4419-B9F0-588F6C5DB3F3}
		{685C80D1-64F7-4419-B9F0-588F6C5DB3F3} = {5D9FF94E-3EE4-40B9-9C70-E68A2C65E6F4}
		{CEC95C8E-FCCE-41B6-8A02-3B082798780A} = {685C80D1-64F7-4419-B9F0-588F6C5DB3F3}
	EndGlobalSection
	GlobalSection(ExtensibilityGlobals) = postSolution
		SolutionGuid = {37FBEEC7-21BB-422E-866E-8B5C94540F5B}
	EndGlobalSection
EndGlobal
