
Microsoft Visual Studio Solution File, Format Version 12.00
# Visual Studio Version 17
VisualStudioVersion = 17.12.35527.113
MinimumVisualStudioVersion = 10.0.40219.1
Project("{FAE04EC0-301F-11D3-BF4B-00C04F79EFBC}") = "TestBucket", "TestBucket\TestBucket.csproj", "{3C1A244A-973C-4A85-A87C-1CE8B83B8213}"
EndProject
Project("{FAE04EC0-301F-11D3-BF4B-00C04F79EFBC}") = "TestBucket.AppHost", "TestBucket.AppHost\TestBucket.AppHost.csproj", "{4D3DED5F-87A1-48CA-98A2-8EF20EE5F996}"
EndProject
Project("{FAE04EC0-301F-11D3-BF4B-00C04F79EFBC}") = "TestBucket.ServiceDefaults", "TestBucket.ServiceDefaults\TestBucket.ServiceDefaults.csproj", "{D67777D7-6951-455F-A347-445B7C9ADD55}"
EndProject
Project("{FAE04EC0-301F-11D3-BF4B-00C04F79EFBC}") = "TestBucket.Data", "TestBucket.Data\TestBucket.Data.csproj", "{F76691C8-395B-4F8E-825B-BF34E98C7BA7}"
EndProject
Project("{FAE04EC0-301F-11D3-BF4B-00C04F79EFBC}") = "TestBucket.Contracts", "TestBucket.Contracts\TestBucket.Contracts.csproj", "{AE6C58C4-C7E3-4345-AF91-F88E0C919507}"
EndProject
Project("{FAE04EC0-301F-11D3-BF4B-00C04F79EFBC}") = "TestBucket.Domain", "TestBucket.Domain\TestBucket.Domain.csproj", "{C2FF2882-FAE3-4499-B269-7511DA75CBAF}"
EndProject
Global
	GlobalSection(SolutionConfigurationPlatforms) = preSolution
		Debug|Any CPU = Debug|Any CPU
		Release|Any CPU = Release|Any CPU
	EndGlobalSection
	GlobalSection(ProjectConfigurationPlatforms) = postSolution
		{3C1A244A-973C-4A85-A87C-1CE8B83B8213}.Debug|Any CPU.ActiveCfg = Debug|Any CPU
		{3C1A244A-973C-4A85-A87C-1CE8B83B8213}.Debug|Any CPU.Build.0 = Debug|Any CPU
		{3C1A244A-973C-4A85-A87C-1CE8B83B8213}.Release|Any CPU.ActiveCfg = Release|Any CPU
		{3C1A244A-973C-4A85-A87C-1CE8B83B8213}.Release|Any CPU.Build.0 = Release|Any CPU
		{4D3DED5F-87A1-48CA-98A2-8EF20EE5F996}.Debug|Any CPU.ActiveCfg = Debug|Any CPU
		{4D3DED5F-87A1-48CA-98A2-8EF20EE5F996}.Debug|Any CPU.Build.0 = Debug|Any CPU
		{4D3DED5F-87A1-48CA-98A2-8EF20EE5F996}.Release|Any CPU.ActiveCfg = Release|Any CPU
		{4D3DED5F-87A1-48CA-98A2-8EF20EE5F996}.Release|Any CPU.Build.0 = Release|Any CPU
		{D67777D7-6951-455F-A347-445B7C9ADD55}.Debug|Any CPU.ActiveCfg = Debug|Any CPU
		{D67777D7-6951-455F-A347-445B7C9ADD55}.Debug|Any CPU.Build.0 = Debug|Any CPU
		{D67777D7-6951-455F-A347-445B7C9ADD55}.Release|Any CPU.ActiveCfg = Release|Any CPU
		{D67777D7-6951-455F-A347-445B7C9ADD55}.Release|Any CPU.Build.0 = Release|Any CPU
		{F76691C8-395B-4F8E-825B-BF34E98C7BA7}.Debug|Any CPU.ActiveCfg = Debug|Any CPU
		{F76691C8-395B-4F8E-825B-BF34E98C7BA7}.Debug|Any CPU.Build.0 = Debug|Any CPU
		{F76691C8-395B-4F8E-825B-BF34E98C7BA7}.Release|Any CPU.ActiveCfg = Release|Any CPU
		{F76691C8-395B-4F8E-825B-BF34E98C7BA7}.Release|Any CPU.Build.0 = Release|Any CPU
		{AE6C58C4-C7E3-4345-AF91-F88E0C919507}.Debug|Any CPU.ActiveCfg = Debug|Any CPU
		{AE6C58C4-C7E3-4345-AF91-F88E0C919507}.Debug|Any CPU.Build.0 = Debug|Any CPU
		{AE6C58C4-C7E3-4345-AF91-F88E0C919507}.Release|Any CPU.ActiveCfg = Release|Any CPU
		{AE6C58C4-C7E3-4345-AF91-F88E0C919507}.Release|Any CPU.Build.0 = Release|Any CPU
		{C2FF2882-FAE3-4499-B269-7511DA75CBAF}.Debug|Any CPU.ActiveCfg = Debug|Any CPU
		{C2FF2882-FAE3-4499-B269-7511DA75CBAF}.Debug|Any CPU.Build.0 = Debug|Any CPU
		{C2FF2882-FAE3-4499-B269-7511DA75CBAF}.Release|Any CPU.ActiveCfg = Release|Any CPU
		{C2FF2882-FAE3-4499-B269-7511DA75CBAF}.Release|Any CPU.Build.0 = Release|Any CPU
	EndGlobalSection
	GlobalSection(SolutionProperties) = preSolution
		HideSolutionNode = FALSE
	EndGlobalSection
EndGlobal
